{
  "name": "firebase-functions",
  "lockfileVersion": 2,
  "requires": true,
  "packages": {
    "": {
      "dependencies": {
        "rio-firebase-functions": "file:.."
      }
    },
    "..": {
      "version": "1.0.0",
      "dependencies": {
        "firebase-admin": "^11.11.0",
        "firebase-functions": "^4.5.0"
      },
      "devDependencies": {
        "firebase-functions-test": "^3.1.0"
      },
      "engines": {
        "node": ">=18"
      }
    },
    "node_modules/rio-firebase-functions": {
      "resolved": "..",
      "link": true
    }
  },
  "dependencies": {
    "rio-firebase-functions": {
      "version": "file:..",
      "requires": {
        "firebase-admin": "^11.11.0",
        "firebase-functions": "^4.5.0",
        "firebase-functions-test": "^3.1.0"
      }
    }
  }
}
